
Microsoft Visual Studio Solution File, Format Version 12.00
# Visual Studio Version 17
VisualStudioVersion = 17.0.31903.59
MinimumVisualStudioVersion = 10.0.40219.1
Project("{FAE04EC0-301F-11D3-BF4B-00C04F79EFBC}") = "CalculatorLibrary", "CalculatorLibrary\CalculatorLibrary.csproj", "{932C8C2D-F0D5-4566-B94F-490FBE483EBB}"
EndProject
Project("{FAE04EC0-301F-11D3-BF4B-00C04F79EFBC}") = "Calculator", "Calculator\Calculator.csproj", "{664B138C-3E84-419F-A9A3-E3D4C6520F76}"
EndProject
Global
	GlobalSection(SolutionConfigurationPlatforms) = preSolution
		Debug|Any CPU = Debug|Any CPU
		Release|Any CPU = Release|Any CPU
	EndGlobalSection
	GlobalSection(ProjectConfigurationPlatforms) = postSolution
		{932C8C2D-F0D5-4566-B94F-490FBE483EBB}.Debug|Any CPU.ActiveCfg = Debug|Any CPU
		{932C8C2D-F0D5-4566-B94F-490FBE483EBB}.Debug|Any CPU.Build.0 = Debug|Any CPU
		{932C8C2D-F0D5-4566-B94F-490FBE483EBB}.Release|Any CPU.ActiveCfg = Release|Any CPU
		{932C8C2D-F0D5-4566-B94F-490FBE483EBB}.Release|Any CPU.Build.0 = Release|Any CPU
		{664B138C-3E84-419F-A9A3-E3D4C6520F76}.Debug|Any CPU.ActiveCfg = Debug|Any CPU
		{664B138C-3E84-419F-A9A3-E3D4C6520F76}.Debug|Any CPU.Build.0 = Debug|Any CPU
		{664B138C-3E84-419F-A9A3-E3D4C6520F76}.Release|Any CPU.ActiveCfg = Release|Any CPU
		{664B138C-3E84-419F-A9A3-E3D4C6520F76}.Release|Any CPU.Build.0 = Release|Any CPU
	EndGlobalSection
	GlobalSection(SolutionProperties) = preSolution
		HideSolutionNode = FALSE
	EndGlobalSection
EndGlobal
